// !$*UTF8*$!
{
	archiveVersion = 1;
	classes = {
	};
	objectVersion = 56;
	objects = {

/* Begin PBXBuildFile section */
		AB0892412BAB6B5900D07890 /* User.swift in Sources */ = {isa = PBXBuildFile; fileRef = AB0892402BAB6B5900D07890 /* User.swift */; };
		AB0892472BAB7D6C00D07890 /* LoginViewModel.swift in Sources */ = {isa = PBXBuildFile; fileRef = AB0892462BAB7D6C00D07890 /* LoginViewModel.swift */; };
		AB0892492BAB7E8600D07890 /* RegisterViewModel.swift in Sources */ = {isa = PBXBuildFile; fileRef = AB0892482BAB7E8600D07890 /* RegisterViewModel.swift */; };
		AB0F33192BC7FB0E0074C617 /* libMySerializer.a in Frameworks */ = {isa = PBXBuildFile; fileRef = AB0F33182BC7FB0E0074C617 /* libMySerializer.a */; };
		AB5150022BC6CB2B00889528 /* libMyLib.a in Frameworks */ = {isa = PBXBuildFile; fileRef = AB5150012BC6CB2B00889528 /* libMyLib.a */; };
		AB9F9B922BA97A6F0069F781 /* main.swift in Sources */ = {isa = PBXBuildFile; fileRef = AB9F9B912BA97A6F0069F781 /* main.swift */; };
		ABFBFC1D2BAE20E700DA46F9 /* Task.swift in Sources */ = {isa = PBXBuildFile; fileRef = ABFBFC1C2BAE20E700DA46F9 /* Task.swift */; };
		ABFBFC1F2BAE227400DA46F9 /* NewItemViewModel.swift in Sources */ = {isa = PBXBuildFile; fileRef = ABFBFC1E2BAE227400DA46F9 /* NewItemViewModel.swift */; };
		ABFBFC232BAE232C00DA46F9 /* ToDoListViewModel.swift in Sources */ = {isa = PBXBuildFile; fileRef = ABFBFC222BAE232C00DA46F9 /* ToDoListViewModel.swift */; };
/* End PBXBuildFile section */

/* Begin PBXCopyFilesBuildPhase section */
		AB9F9B8C2BA97A6F0069F781 /* CopyFiles */ = {
			isa = PBXCopyFilesBuildPhase;
			buildActionMask = 2147483647;
			dstPath = /usr/share/man/man1/;
			dstSubfolderSpec = 0;
			files = (
			);
			runOnlyForDeploymentPostprocessing = 1;
		};
/* End PBXCopyFilesBuildPhase section */

/* Begin PBXFileReference section */
		AB0892402BAB6B5900D07890 /* User.swift */ = {isa = PBXFileReference; lastKnownFileType = sourcecode.swift; path = User.swift; sourceTree = "<group>"; };
		AB0892462BAB7D6C00D07890 /* LoginViewModel.swift */ = {isa = PBXFileReference; lastKnownFileType = sourcecode.swift; path = LoginViewModel.swift; sourceTree = "<group>"; };
		AB0892482BAB7E8600D07890 /* RegisterViewModel.swift */ = {isa = PBXFileReference; lastKnownFileType = sourcecode.swift; path = RegisterViewModel.swift; sourceTree = "<group>"; };
		AB0F33182BC7FB0E0074C617 /* libMySerializer.a */ = {isa = PBXFileReference; lastKnownFileType = archive.ar; name = libMySerializer.a; path = SerializerLibrary/libMySerializer.a; sourceTree = "<group>"; };
		AB0F331A2BC7FC200074C617 /* output.json */ = {isa = PBXFileReference; fileEncoding = 4; lastKnownFileType = text.json; name = output.json; path = "../../../Library/Developer/Xcode/DerivedData/OOPLab2-fnvamrjduzuivnbpjqewucgbtatk/Build/Products/Debug/output.json"; sourceTree = "<group>"; };
		AB0F331B2BC801500074C617 /* output2.json */ = {isa = PBXFileReference; fileEncoding = 4; lastKnownFileType = text.json; name = output2.json; path = "../../../Library/Developer/Xcode/DerivedData/OOPLab2-fnvamrjduzuivnbpjqewucgbtatk/Build/Products/Debug/output2.json"; sourceTree = "<group>"; };
		AB0F331C2BC801570074C617 /* output3.json */ = {isa = PBXFileReference; fileEncoding = 4; lastKnownFileType = text.json; name = output3.json; path = "../../../Library/Developer/Xcode/DerivedData/OOPLab2-fnvamrjduzuivnbpjqewucgbtatk/Build/Products/Debug/output3.json"; sourceTree = "<group>"; };
		AB5150012BC6CB2B00889528 /* libMyLib.a */ = {isa = PBXFileReference; lastKnownFileType = archive.ar; name = libMyLib.a; path = library/libMyLib.a; sourceTree = "<group>"; };
		AB9F9B8E2BA97A6F0069F781 /* OOPLab2 */ = {isa = PBXFileReference; explicitFileType = "compiled.mach-o.executable"; includeInIndex = 0; path = OOPLab2; sourceTree = BUILT_PRODUCTS_DIR; };
		AB9F9B912BA97A6F0069F781 /* main.swift */ = {isa = PBXFileReference; lastKnownFileType = sourcecode.swift; path = main.swift; sourceTree = "<group>"; };
		ABFBFC1C2BAE20E700DA46F9 /* Task.swift */ = {isa = PBXFileReference; lastKnownFileType = sourcecode.swift; path = Task.swift; sourceTree = "<group>"; };
		ABFBFC1E2BAE227400DA46F9 /* NewItemViewModel.swift */ = {isa = PBXFileReference; lastKnownFileType = sourcecode.swift; path = NewItemViewModel.swift; sourceTree = "<group>"; };
		ABFBFC222BAE232C00DA46F9 /* ToDoListViewModel.swift */ = {isa = PBXFileReference; lastKnownFileType = sourcecode.swift; path = ToDoListViewModel.swift; sourceTree = "<group>"; };
/* End PBXFileReference section */

/* Begin PBXFrameworksBuildPhase section */
		AB9F9B8B2BA97A6F0069F781 /* Frameworks */ = {
			isa = PBXFrameworksBuildPhase;
			buildActionMask = 2147483647;
			files = (
				AB0F33192BC7FB0E0074C617 /* libMySerializer.a in Frameworks */,
				AB5150022BC6CB2B00889528 /* libMyLib.a in Frameworks */,
			);
			runOnlyForDeploymentPostprocessing = 0;
		};
/* End PBXFrameworksBuildPhase section */

/* Begin PBXGroup section */
		AB514FE82BC6B38400889528 /* Frameworks */ = {
			isa = PBXGroup;
			children = (
				AB0F33182BC7FB0E0074C617 /* libMySerializer.a */,
				AB5150012BC6CB2B00889528 /* libMyLib.a */,
			);
			name = Frameworks;
			sourceTree = "<group>";
		};
		AB6AC6112BB57BAB00752386 /* models */ = {
			isa = PBXGroup;
			children = (
				AB0892402BAB6B5900D07890 /* User.swift */,
				ABFBFC1C2BAE20E700DA46F9 /* Task.swift */,
			);
			path = models;
			sourceTree = "<group>";
		};
		AB6AC6122BB57BCF00752386 /* viewModels */ = {
			isa = PBXGroup;
			children = (
				AB0892462BAB7D6C00D07890 /* LoginViewModel.swift */,
				AB0892482BAB7E8600D07890 /* RegisterViewModel.swift */,
				ABFBFC1E2BAE227400DA46F9 /* NewItemViewModel.swift */,
				ABFBFC222BAE232C00DA46F9 /* ToDoListViewModel.swift */,
			);
			path = viewModels;
			sourceTree = "<group>";
		};
		AB9F9B852BA97A6F0069F781 = {
			isa = PBXGroup;
			children = (
				AB9F9B902BA97A6F0069F781 /* OOPLab2 */,
				AB9F9B8F2BA97A6F0069F781 /* Products */,
				AB514FE82BC6B38400889528 /* Frameworks */,
			);
			sourceTree = "<group>";
		};
		AB9F9B8F2BA97A6F0069F781 /* Products */ = {
			isa = PBXGroup;
			children = (
				AB9F9B8E2BA97A6F0069F781 /* OOPLab2 */,
			);
			name = Products;
			sourceTree = "<group>";
		};
		AB9F9B902BA97A6F0069F781 /* OOPLab2 */ = {
			isa = PBXGroup;
			children = (
				AB0F331A2BC7FC200074C617 /* output.json */,
				AB0F331B2BC801500074C617 /* output2.json */,
				AB0F331C2BC801570074C617 /* output3.json */,
				AB9F9B912BA97A6F0069F781 /* main.swift */,
				AB6AC6122BB57BCF00752386 /* viewModels */,
				AB6AC6112BB57BAB00752386 /* models */,
			);
			path = OOPLab2;
			sourceTree = "<group>";
		};
/* End PBXGroup section */

/* Begin PBXNativeTarget section */
		AB9F9B8D2BA97A6F0069F781 /* OOPLab2 */ = {
			isa = PBXNativeTarget;
			buildConfigurationList = AB9F9B952BA97A6F0069F781 /* Build configuration list for PBXNativeTarget "OOPLab2" */;
			buildPhases = (
				AB9F9B8A2BA97A6F0069F781 /* Sources */,
				AB9F9B8B2BA97A6F0069F781 /* Frameworks */,
				AB9F9B8C2BA97A6F0069F781 /* CopyFiles */,
			);
			buildRules = (
			);
			dependencies = (
			);
			name = OOPLab2;
			productName = OOPLab2;
			productReference = AB9F9B8E2BA97A6F0069F781 /* OOPLab2 */;
			productType = "com.apple.product-type.tool";
		};
/* End PBXNativeTarget section */

/* Begin PBXProject section */
		AB9F9B862BA97A6F0069F781 /* Project object */ = {
			isa = PBXProject;
			attributes = {
				BuildIndependentTargetsInParallel = 1;
				LastSwiftUpdateCheck = 1500;
				LastUpgradeCheck = 1500;
				TargetAttributes = {
					AB9F9B8D2BA97A6F0069F781 = {
						CreatedOnToolsVersion = 15.0;
					};
				};
			};
			buildConfigurationList = AB9F9B892BA97A6F0069F781 /* Build configuration list for PBXProject "OOPLab2" */;
			compatibilityVersion = "Xcode 14.0";
			developmentRegion = en;
			hasScannedForEncodings = 0;
			knownRegions = (
				en,
				Base,
			);
			mainGroup = AB9F9B852BA97A6F0069F781;
			productRefGroup = AB9F9B8F2BA97A6F0069F781 /* Products */;
			projectDirPath = "";
			projectRoot = "";
			targets = (
				AB9F9B8D2BA97A6F0069F781 /* OOPLab2 */,
			);
		};
/* End PBXProject section */

/* Begin PBXSourcesBuildPhase section */
		AB9F9B8A2BA97A6F0069F781 /* Sources */ = {
			isa = PBXSourcesBuildPhase;
			buildActionMask = 2147483647;
			files = (
				ABFBFC232BAE232C00DA46F9 /* ToDoListViewModel.swift in Sources */,
				AB0892472BAB7D6C00D07890 /* LoginViewModel.swift in Sources */,
				ABFBFC1F2BAE227400DA46F9 /* NewItemViewModel.swift in Sources */,
				AB0892492BAB7E8600D07890 /* RegisterViewModel.swift in Sources */,
				AB0892412BAB6B5900D07890 /* User.swift in Sources */,
				AB9F9B922BA97A6F0069F781 /* main.swift in Sources */,
				ABFBFC1D2BAE20E700DA46F9 /* Task.swift in Sources */,
			);
			runOnlyForDeploymentPostprocessing = 0;
		};
/* End PBXSourcesBuildPhase section */

/* Begin XCBuildConfiguration section */
		AB9F9B932BA97A6F0069F781 /* Debug */ = {
			isa = XCBuildConfiguration;
			buildSettings = {
				ALWAYS_SEARCH_USER_PATHS = NO;
				ASSETCATALOG_COMPILER_GENERATE_SWIFT_ASSET_SYMBOL_EXTENSIONS = YES;
				CLANG_ANALYZER_NONNULL = YES;
				CLANG_ANALYZER_NUMBER_OBJECT_CONVERSION = YES_AGGRESSIVE;
				CLANG_CXX_LANGUAGE_STANDARD = "gnu++20";
				CLANG_ENABLE_MODULES = YES;
				CLANG_ENABLE_OBJC_ARC = YES;
				CLANG_ENABLE_OBJC_WEAK = YES;
				CLANG_WARN_BLOCK_CAPTURE_AUTORELEASING = YES;
				CLANG_WARN_BOOL_CONVERSION = YES;
				CLANG_WARN_COMMA = YES;
				CLANG_WARN_CONSTANT_CONVERSION = YES;
				CLANG_WARN_DEPRECATED_OBJC_IMPLEMENTATIONS = YES;
				CLANG_WARN_DIRECT_OBJC_ISA_USAGE = YES_ERROR;
				CLANG_WARN_DOCUMENTATION_COMMENTS = YES;
				CLANG_WARN_EMPTY_BODY = YES;
				CLANG_WARN_ENUM_CONVERSION = YES;
				CLANG_WARN_INFINITE_RECURSION = YES;
				CLANG_WARN_INT_CONVERSION = YES;
				CLANG_WARN_NON_LITERAL_NULL_CONVERSION = YES;
				CLANG_WARN_OBJC_IMPLICIT_RETAIN_SELF = YES;
				CLANG_WARN_OBJC_LITERAL_CONVERSION = YES;
				CLANG_WARN_OBJC_ROOT_CLASS = YES_ERROR;
				CLANG_WARN_QUOTED_INCLUDE_IN_FRAMEWORK_HEADER = YES;
				CLANG_WARN_RANGE_LOOP_ANALYSIS = YES;
				CLANG_WARN_STRICT_PROTOTYPES = YES;
				CLANG_WARN_SUSPICIOUS_MOVE = YES;
				CLANG_WARN_UNGUARDED_AVAILABILITY = YES_AGGRESSIVE;
				CLANG_WARN_UNREACHABLE_CODE = YES;
				CLANG_WARN__DUPLICATE_METHOD_MATCH = YES;
				COPY_PHASE_STRIP = NO;
				DEBUG_INFORMATION_FORMAT = dwarf;
				ENABLE_STRICT_OBJC_MSGSEND = YES;
				ENABLE_TESTABILITY = YES;
				ENABLE_USER_SCRIPT_SANDBOXING = YES;
				GCC_C_LANGUAGE_STANDARD = gnu17;
				GCC_DYNAMIC_NO_PIC = NO;
				GCC_NO_COMMON_BLOCKS = YES;
				GCC_OPTIMIZATION_LEVEL = 0;
				GCC_PREPROCESSOR_DEFINITIONS = (
					"DEBUG=1",
					"$(inherited)",
				);
				GCC_WARN_64_TO_32_BIT_CONVERSION = YES;
				GCC_WARN_ABOUT_RETURN_TYPE = YES_ERROR;
				GCC_WARN_UNDECLARED_SELECTOR = YES;
				GCC_WARN_UNINITIALIZED_AUTOS = YES_AGGRESSIVE;
				GCC_WARN_UNUSED_FUNCTION = YES;
				GCC_WARN_UNUSED_VARIABLE = YES;
				LOCALIZATION_PREFERS_STRING_CATALOGS = YES;
				MACOSX_DEPLOYMENT_TARGET = 14.0;
				MTL_ENABLE_DEBUG_INFO = INCLUDE_SOURCE;
				MTL_FAST_MATH = YES;
				ONLY_ACTIVE_ARCH = YES;
				SDKROOT = macosx;
				SWIFT_ACTIVE_COMPILATION_CONDITIONS = "DEBUG $(inherited)";
				SWIFT_OPTIMIZATION_LEVEL = "-Onone";
			};
			name = Debug;
		};
		AB9F9B942BA97A6F0069F781 /* Release */ = {
			isa = XCBuildConfiguration;
			buildSettings = {
				ALWAYS_SEARCH_USER_PATHS = NO;
				ASSETCATALOG_COMPILER_GENERATE_SWIFT_ASSET_SYMBOL_EXTENSIONS = YES;
				CLANG_ANALYZER_NONNULL = YES;
				CLANG_ANALYZER_NUMBER_OBJECT_CONVERSION = YES_AGGRESSIVE;
				CLANG_CXX_LANGUAGE_STANDARD = "gnu++20";
				CLANG_ENABLE_MODULES = YES;
				CLANG_ENABLE_OBJC_ARC = YES;
				CLANG_ENABLE_OBJC_WEAK = YES;
				CLANG_WARN_BLOCK_CAPTURE_AUTORELEASING = YES;
				CLANG_WARN_BOOL_CONVERSION = YES;
				CLANG_WARN_COMMA = YES;
				CLANG_WARN_CONSTANT_CONVERSION = YES;
				CLANG_WARN_DEPRECATED_OBJC_IMPLEMENTATIONS = YES;
				CLANG_WARN_DIRECT_OBJC_ISA_USAGE = YES_ERROR;
				CLANG_WARN_DOCUMENTATION_COMMENTS = YES;
				CLANG_WARN_EMPTY_BODY = YES;
				CLANG_WARN_ENUM_CONVERSION = YES;
				CLANG_WARN_INFINITE_RECURSION = YES;
				CLANG_WARN_INT_CONVERSION = YES;
				CLANG_WARN_NON_LITERAL_NULL_CONVERSION = YES;
				CLANG_WARN_OBJC_IMPLICIT_RETAIN_SELF = YES;
				CLANG_WARN_OBJC_LITERAL_CONVERSION = YES;
				CLANG_WARN_OBJC_ROOT_CLASS = YES_ERROR;
				CLANG_WARN_QUOTED_INCLUDE_IN_FRAMEWORK_HEADER = YES;
				CLANG_WARN_RANGE_LOOP_ANALYSIS = YES;
				CLANG_WARN_STRICT_PROTOTYPES = YES;
				CLANG_WARN_SUSPICIOUS_MOVE = YES;
				CLANG_WARN_UNGUARDED_AVAILABILITY = YES_AGGRESSIVE;
				CLANG_WARN_UNREACHABLE_CODE = YES;
				CLANG_WARN__DUPLICATE_METHOD_MATCH = YES;
				COPY_PHASE_STRIP = NO;
				DEBUG_INFORMATION_FORMAT = "dwarf-with-dsym";
				ENABLE_NS_ASSERTIONS = NO;
				ENABLE_STRICT_OBJC_MSGSEND = YES;
				ENABLE_USER_SCRIPT_SANDBOXING = YES;
				GCC_C_LANGUAGE_STANDARD = gnu17;
				GCC_NO_COMMON_BLOCKS = YES;
				GCC_WARN_64_TO_32_BIT_CONVERSION = YES;
				GCC_WARN_ABOUT_RETURN_TYPE = YES_ERROR;
				GCC_WARN_UNDECLARED_SELECTOR = YES;
				GCC_WARN_UNINITIALIZED_AUTOS = YES_AGGRESSIVE;
				GCC_WARN_UNUSED_FUNCTION = YES;
				GCC_WARN_UNUSED_VARIABLE = YES;
				LOCALIZATION_PREFERS_STRING_CATALOGS = YES;
				MACOSX_DEPLOYMENT_TARGET = 14.0;
				MTL_ENABLE_DEBUG_INFO = NO;
				MTL_FAST_MATH = YES;
				SDKROOT = macosx;
				SWIFT_COMPILATION_MODE = wholemodule;
			};
			name = Release;
		};
		AB9F9B962BA97A6F0069F781 /* Debug */ = {
			isa = XCBuildConfiguration;
			buildSettings = {
				CODE_SIGN_STYLE = Automatic;
				LIBRARY_SEARCH_PATHS = (
					"$(inherited)",
					"$(PROJECT_DIR)/library",
					"$(PROJECT_DIR)/SerializerLibrary",
				);
				PRODUCT_NAME = "$(TARGET_NAME)";
				SWIFT_INCLUDE_PATHS = "$(PROJECT_DIR)/library $(PROJECT_DIR)/SerializerLibrary";
				SWIFT_VERSION = 5.0;
			};
			name = Debug;
		};
		AB9F9B972BA97A6F0069F781 /* Release */ = {
			isa = XCBuildConfiguration;
			buildSettings = {
				CODE_SIGN_STYLE = Automatic;
				LIBRARY_SEARCH_PATHS = (
					"$(inherited)",
					"$(PROJECT_DIR)/library",
					"$(PROJECT_DIR)/SerializerLibrary",
				);
				PRODUCT_NAME = "$(TARGET_NAME)";
				SWIFT_INCLUDE_PATHS = "$(PROJECT_DIR)/library $(PROJECT_DIR)/SerializerLibrary";
				SWIFT_VERSION = 5.0;
			};
			name = Release;
		};
/* End XCBuildConfiguration section */

/* Begin XCConfigurationList section */
		AB9F9B892BA97A6F0069F781 /* Build configuration list for PBXProject "OOPLab2" */ = {
			isa = XCConfigurationList;
			buildConfigurations = (
				AB9F9B932BA97A6F0069F781 /* Debug */,
				AB9F9B942BA97A6F0069F781 /* Release */,
			);
			defaultConfigurationIsVisible = 0;
			defaultConfigurationName = Release;
		};
		AB9F9B952BA97A6F0069F781 /* Build configuration list for PBXNativeTarget "OOPLab2" */ = {
			isa = XCConfigurationList;
			buildConfigurations = (
				AB9F9B962BA97A6F0069F781 /* Debug */,
				AB9F9B972BA97A6F0069F781 /* Release */,
			);
			defaultConfigurationIsVisible = 0;
			defaultConfigurationName = Release;
		};
/* End XCConfigurationList section */
	};
	rootObject = AB9F9B862BA97A6F0069F781 /* Project object */;
}
